{
  "name": "test-npm-tuils",
  "version": "1.0.0",
  "lockfileVersion": 2,
  "requires": true,
  "packages": {
    "": {
      "name": "test-npm-tuils",
      "version": "1.0.0",
      "license": "ISC",
      "dependencies": {
        "@types/node": "^18.0.6",
        "test-npm-tuils": "^1.0.0"
      },
      "devDependencies": {}
    },
    "node_modules/@types/node": {
      "version": "18.0.6",
      "resolved": "https://registry.npmjs.org/@types/node/-/node-18.0.6.tgz",
      "integrity": "sha512-/xUq6H2aQm261exT6iZTMifUySEt4GR5KX8eYyY+C4MSNPqSh9oNIP7tz2GLKTlFaiBbgZNxffoR3CVRG+cljw=="
    },
    "node_modules/test-npm-tuils": {
      "version": "1.0.0",
      "resolved": "https://registry.npmjs.org/test-npm-tuils/-/test-npm-tuils-1.0.0.tgz",
      "integrity": "sha512-oMOE/vDzwtz/Ht5Vs78yLjY0RfM09b3CzIOkWi6+gsyHtrrRCmM3Iwc+5z70BZwiAdRYBDLypdn6FihIQQtlpA==",
      "dependencies": {
        "@types/node": "^18.0.6"
      }
    }
  },
  "dependencies": {
    "@types/node": {
      "version": "18.0.6",
      "resolved": "https://registry.npmjs.org/@types/node/-/node-18.0.6.tgz",
      "integrity": "sha512-/xUq6H2aQm261exT6iZTMifUySEt4GR5KX8eYyY+C4MSNPqSh9oNIP7tz2GLKTlFaiBbgZNxffoR3CVRG+cljw=="
    },
    "test-npm-tuils": {
      "version": "1.0.0",
      "resolved": "https://registry.npmjs.org/test-npm-tuils/-/test-npm-tuils-1.0.0.tgz",
      "integrity": "sha512-oMOE/vDzwtz/Ht5Vs78yLjY0RfM09b3CzIOkWi6+gsyHtrrRCmM3Iwc+5z70BZwiAdRYBDLypdn6FihIQQtlpA==",
      "requires": {
        "@types/node": "^18.0.6"
      }
    }
  }
}
